# GENERATED by `soul-lint schema-stamp` - do not edit by hand.
#
# version:     the top of the migrations/ ladder when this was stamped.
# fingerprint: a hash of the PARSED and canonicalized state_schema of
#              service.yml - never of the file text, so a comment or a
#              reordered key does not move it.
version: 2
fingerprint: sha256:8b4524835976377c7735fd7414e79ee1c7300153796cfc4349a9135b3c485be6
