# GENERATED by `soul-lint schema-stamp` - do not edit by hand.
#
# version:     the top of the migrations/ ladder when this was stamped.
# fingerprint: a hash of the PARSED and canonicalized state_schema of
#              service.yml - never of the file text, so a comment or a
#              reordered key does not move it.
version: 15
fingerprint: sha256:f1ac91392327484bdb8e7f8ea5a390c881202666d10aa14b25518a61310cba73
