# GENERATED by `soul-lint schema-stamp` - do not edit by hand.
#
# version:     the top of the migrations/ ladder when this was stamped.
# fingerprint: a hash of the PARSED and canonicalized state_schema of
#              service.yml - never of the file text, so a comment or a
#              reordered key does not move it.
version: 2
fingerprint: sha256:3f1bb355ef5ca48ee11aa72485f996c9b12bb4694c90776f2d317d044d77e4d3
