# GENERATED by `soul-lint schema-stamp` - do not edit by hand.
#
# version:     the top of the migrations/ ladder when this was stamped.
# fingerprint: a hash of the PARSED and canonicalized state_schema of
#              service.yml - never of the file text, so a comment or a
#              reordered key does not move it.
version: 7
fingerprint: sha256:cab827ce6ae1cfe2d68eb646f625b2a4aee9f8b84a187b0cc90df676d01e6369
